
Microsoft Visual Studio Solution File, Format Version 12.00
# Visual Studio 15
VisualStudioVersion = 15.0.28307.489
MinimumVisualStudioVersion = 10.0.40219.1
Project("{FAE04EC0-301F-11D3-BF4B-00C04F79EFBC}") = "kpr-project", "kpr-project\kpr-project.csproj", "{12685A5A-5843-4A1D-AF2A-65675DD7849B}"
EndProject
Global
	GlobalSection(SolutionConfigurationPlatforms) = preSolution
		Debug|Any CPU = Debug|Any CPU
		Release|Any CPU = Release|Any CPU
	EndGlobalSection
	GlobalSection(ProjectConfigurationPlatforms) = postSolution
		{12685A5A-5843-4A1D-AF2A-65675DD7849B}.Debug|Any CPU.ActiveCfg = Debug|Any CPU
		{12685A5A-5843-4A1D-AF2A-65675DD7849B}.Debug|Any CPU.Build.0 = Debug|Any CPU
		{12685A5A-5843-4A1D-AF2A-65675DD7849B}.Release|Any CPU.ActiveCfg = Release|Any CPU
		{12685A5A-5843-4A1D-AF2A-65675DD7849B}.Release|Any CPU.Build.0 = Release|Any CPU
	EndGlobalSection
	GlobalSection(SolutionProperties) = preSolution
		HideSolutionNode = FALSE
	EndGlobalSection
	GlobalSection(ExtensibilityGlobals) = postSolution
		SolutionGuid = {9F96EEEA-C797-4931-9A39-1B47EAF0A781}
	EndGlobalSection
EndGlobal
